# THIS IS AN AUTOGENERATED FILE. DO NOT EDIT THIS FILE DIRECTLY.
# yarn lockfile v1


"@next/env@12.1.1-canary.8":
  version "12.1.1-canary.8"
  resolved "https://artifactory.tools.devrtb.com:443/artifactory/api/npm/npm-virtual/@next/env/-/env-12.1.1-canary.8.tgz#0984c8519a43c83c8627d5d2e4af7696ba4adfd1"
  integrity sha1-CYTIUZpDyDyGJ9XS5K92lrpK39E=

"@next/swc-android-arm-eabi@12.1.1-canary.8":
  version "12.1.1-canary.8"
  resolved "https://artifactory.tools.devrtb.com:443/artifactory/api/npm/npm-virtual/@next/swc-android-arm-eabi/-/swc-android-arm-eabi-12.1.1-canary.8.tgz#261f8516854a7217c9c5bee91acd356d89e7373f"
  integrity sha1-Jh+FFoVKchfJxb7pGs01bYnnNz8=

"@next/swc-android-arm64@12.1.1-canary.8":
  version "12.1.1-canary.8"
  resolved "https://artifactory.tools.devrtb.com:443/artifactory/api/npm/npm-virtual/@next/swc-android-arm64/-/swc-android-arm64-12.1.1-canary.8.tgz#41f58dc81fdee476c2d1925ff8540da940523c45"
  integrity sha1-QfWNyB/e5HbC0ZJf+FQNqUBSPEU=

"@next/swc-darwin-arm64@12.1.1-canary.8":
  version "12.1.1-canary.8"
  resolved "https://artifactory.tools.devrtb.com:443/artifactory/api/npm/npm-virtual/@next/swc-darwin-arm64/-/swc-darwin-arm64-12.1.1-canary.8.tgz#36e86f33dc04065cbdce3826179d31b199583ae3"
  integrity sha1-NuhvM9wEBly9zjgmF50xsZlYOuM=

"@next/swc-darwin-x64@12.1.1-canary.8":
  version "12.1.1-canary.8"
  resolved "https://artifactory.tools.devrtb.com:443/artifactory/api/npm/npm-virtual/@next/swc-darwin-x64/-/swc-darwin-x64-12.1.1-canary.8.tgz#d7da4c9bd238d06c1854dc5e6a585877acc428cf"
  integrity sha1-19pMm9I40GwYVNxealhYd6zEKM8=

"@next/swc-linux-arm-gnueabihf@12.1.1-canary.8":
  version "12.1.1-canary.8"
  resolved "https://artifactory.tools.devrtb.com:443/artifactory/api/npm/npm-virtual/@next/swc-linux-arm-gnueabihf/-/swc-linux-arm-gnueabihf-12.1.1-canary.8.tgz#484b4f393a88fc8de65deb9e014f5787820c3f7b"
  integrity sha1-SEtPOTqI/I3mXeueAU9Xh4IMP3s=

"@next/swc-linux-arm64-gnu@12.1.1-canary.8":
  version "12.1.1-canary.8"
  resolved "https://artifactory.tools.devrtb.com:443/artifactory/api/npm/npm-virtual/@next/swc-linux-arm64-gnu/-/swc-linux-arm64-gnu-12.1.1-canary.8.tgz#f05f3447ffd02c09182795066eee8d3807946edd"
  integrity sha1-8F80R//QLAkYJ5UGbu6NOAeUbt0=

"@next/swc-linux-arm64-musl@12.1.1-canary.8":
  version "12.1.1-canary.8"
  resolved "https://artifactory.tools.devrtb.com:443/artifactory/api/npm/npm-virtual/@next/swc-linux-arm64-musl/-/swc-linux-arm64-musl-12.1.1-canary.8.tgz#10f2f98bd9f75b175ccc98305d651dd172ddd1d9"
  integrity sha1-EPL5i9n3WxdczJgwXWUd0XLd0dk=

"@next/swc-linux-x64-gnu@12.1.1-canary.8":
  version "12.1.1-canary.8"
  resolved "https://artifactory.tools.devrtb.com:443/artifactory/api/npm/npm-virtual/@next/swc-linux-x64-gnu/-/swc-linux-x64-gnu-12.1.1-canary.8.tgz#5118536cdc947b00ef1cb66106c1fe40b141862a"
  integrity sha1-URhTbNyUewDvHLZhBsH+QLFBhio=

"@next/swc-linux-x64-musl@12.1.1-canary.8":
  version "12.1.1-canary.8"
  resolved "https://artifactory.tools.devrtb.com:443/artifactory/api/npm/npm-virtual/@next/swc-linux-x64-musl/-/swc-linux-x64-musl-12.1.1-canary.8.tgz#c27e691b55eb7b2422059c42fa990029006ddb96"
  integrity sha1-wn5pG1XreyQiBZxC+pkAKQBt25Y=

"@next/swc-win32-arm64-msvc@12.1.1-canary.8":
  version "12.1.1-canary.8"
  resolved "https://artifactory.tools.devrtb.com:443/artifactory/api/npm/npm-virtual/@next/swc-win32-arm64-msvc/-/swc-win32-arm64-msvc-12.1.1-canary.8.tgz#c850ca1cd7f6fbbc24c394c05be61d31683bf600"
  integrity sha1-yFDKHNf2+7wkw5TAW+YdMWg79gA=

"@next/swc-win32-ia32-msvc@12.1.1-canary.8":
  version "12.1.1-canary.8"
  resolved "https://artifactory.tools.devrtb.com:443/artifactory/api/npm/npm-virtual/@next/swc-win32-ia32-msvc/-/swc-win32-ia32-msvc-12.1.1-canary.8.tgz#dc6dc36b6cbaacddc80823a7e92ba3c1d52b560c"
  integrity sha1-3G3Da2y6rN3ICCOn6SujwdUrVgw=

"@next/swc-win32-x64-msvc@12.1.1-canary.8":
  version "12.1.1-canary.8"
  resolved "https://artifactory.tools.devrtb.com:443/artifactory/api/npm/npm-virtual/@next/swc-win32-x64-msvc/-/swc-win32-x64-msvc-12.1.1-canary.8.tgz#84973a757cbabcfa3aefbdc13348955c9aa11baf"
  integrity sha1-hJc6dXy6vPo6773BM0iVXJqhG68=

boolbase@^1.0.0:
  version "1.0.0"
  resolved "https://artifactory.tools.devrtb.com:443/artifactory/api/npm/npm-virtual/boolbase/-/boolbase-1.0.0.tgz#68dff5fbe60c51eb37725ea9e3ed310dcc1e776e"
  integrity sha1-aN/1++YMUes3cl6p4+0xDcwed24=

caniuse-lite@^1.0.30001283:
  version "1.0.30001317"
  resolved "https://registry.yarnpkg.com/caniuse-lite/-/caniuse-lite-1.0.30001317.tgz#0548fb28fd5bc259a70b8c1ffdbe598037666a1b"
  integrity sha512-xIZLh8gBm4dqNX0gkzrBeyI86J2eCjWzYAs40q88smG844YIrN4tVQl/RhquHvKEKImWWFIVh1Lxe5n1G/N+GQ==

cheerio-select@^1.5.0:
  version "1.5.0"
  resolved "https://artifactory.tools.devrtb.com:443/artifactory/api/npm/npm-virtual/cheerio-select/-/cheerio-select-1.5.0.tgz#faf3daeb31b17c5e1a9dabcee288aaf8aafa5823"
  integrity sha1-+vPa6zGxfF4anavO4oiq+Kr6WCM=
  dependencies:
    css-select "^4.1.3"
    css-what "^5.0.1"
    domelementtype "^2.2.0"
    domhandler "^4.2.0"
    domutils "^2.7.0"

cheerio@^1.0.0-rc.10:
  version "1.0.0-rc.10"
  resolved "https://artifactory.tools.devrtb.com:443/artifactory/api/npm/npm-virtual/cheerio/-/cheerio-1.0.0-rc.10.tgz#2ba3dcdfcc26e7956fc1f440e61d51c643379f3e"
  integrity sha1-K6Pc38wm55VvwfRA5h1RxkM3nz4=
  dependencies:
    cheerio-select "^1.5.0"
    dom-serializer "^1.3.2"
    domhandler "^4.2.0"
    htmlparser2 "^6.1.0"
    parse5 "^6.0.1"
    parse5-htmlparser2-tree-adapter "^6.0.1"
    tslib "^2.2.0"

cluster-key-slot@^1.1.0:
  version "1.1.0"
  resolved "https://artifactory.tools.devrtb.com:443/artifactory/api/npm/npm-virtual/cluster-key-slot/-/cluster-key-slot-1.1.0.tgz#30474b2a981fb12172695833052bc0d01336d10d"
  integrity sha1-MEdLKpgfsSFyaVgzBSvA0BM20Q0=

css-select@^4.1.3:
  version "4.2.1"
  resolved "https://artifactory.tools.devrtb.com:443/artifactory/api/npm/npm-virtual/css-select/-/css-select-4.2.1.tgz#9e665d6ae4c7f9d65dbe69d0316e3221fb274cdd"
  integrity sha1-nmZdauTH+dZdvmnQMW4yIfsnTN0=
  dependencies:
    boolbase "^1.0.0"
    css-what "^5.1.0"
    domhandler "^4.3.0"
    domutils "^2.8.0"
    nth-check "^2.0.1"

css-what@^5.0.1, css-what@^5.1.0:
  version "5.1.0"
  resolved "https://artifactory.tools.devrtb.com:443/artifactory/api/npm/npm-virtual/css-what/-/css-what-5.1.0.tgz#3f7b707aadf633baf62c2ceb8579b545bb40f7fe"
  integrity sha1-P3tweq32M7r2LCzrhXm1RbtA9/4=

date-fns@^2.16.1:
  version "2.28.0"
  resolved "https://artifactory.tools.devrtb.com:443/artifactory/api/npm/npm-virtual/date-fns/-/date-fns-2.28.0.tgz#9570d656f5fc13143e50c975a3b6bbeb46cd08b2"
  integrity sha1-lXDWVvX8ExQ+UMl1o7a760bNCLI=

debug@^4.3.1:
  version "4.3.3"
  resolved "https://registry.yarnpkg.com/debug/-/debug-4.3.3.tgz#04266e0b70a98d4462e6e288e38259213332b664"
  integrity sha512-/zxw5+vh1Tfv+4Qn7a5nsbcJKPaSvCDhojn6FEl9vupwK2VCSDtEiEtqr8DFtzYFOdz63LBkxec7DYuc2jon6Q==
  dependencies:
    ms "2.1.2"

deepmerge@^4.2.2:
  version "4.2.2"
  resolved "https://artifactory.tools.devrtb.com:443/artifactory/api/npm/npm-virtual/deepmerge/-/deepmerge-4.2.2.tgz#44d2ea3679b8f4d4ffba33f03d865fc1e7bf4955"
  integrity sha1-RNLqNnm49NT/ujPwPYZfwee/SVU=

denque@^1.1.0:
  version "1.5.1"
  resolved "https://artifactory.tools.devrtb.com:443/artifactory/api/npm/npm-virtual/denque/-/denque-1.5.1.tgz#07f670e29c9a78f8faecb2566a1e2c11929c5cbf"
  integrity sha1-B/Zw4pyaePj67LJWah4sEZKcXL8=

dom-serializer@^1.0.1, dom-serializer@^1.3.2:
  version "1.3.2"
  resolved "https://artifactory.tools.devrtb.com:443/artifactory/api/npm/npm-virtual/dom-serializer/-/dom-serializer-1.3.2.tgz#6206437d32ceefaec7161803230c7a20bc1b4d91"
  integrity sha1-YgZDfTLO767HFhgDIwx6ILwbTZE=
  dependencies:
    domelementtype "^2.0.1"
    domhandler "^4.2.0"
    entities "^2.0.0"

domelementtype@^2.0.1, domelementtype@^2.2.0:
  version "2.2.0"
  resolved "https://artifactory.tools.devrtb.com:443/artifactory/api/npm/npm-virtual/domelementtype/-/domelementtype-2.2.0.tgz#9a0b6c2782ed6a1c7323d42267183df9bd8b1d57"
  integrity sha1-mgtsJ4LtahxzI9QiZxg9+b2LHVc=

domhandler@^4.0.0, domhandler@^4.2.0, domhandler@^4.3.0:
  version "4.3.0"
  resolved "https://artifactory.tools.devrtb.com:443/artifactory/api/npm/npm-virtual/domhandler/-/domhandler-4.3.0.tgz#16c658c626cf966967e306f966b431f77d4a5626"
  integrity sha1-FsZYxibPlmln4wb5ZrQx931KViY=
  dependencies:
    domelementtype "^2.2.0"

domutils@^2.5.2, domutils@^2.7.0, domutils@^2.8.0:
  version "2.8.0"
  resolved "https://artifactory.tools.devrtb.com:443/artifactory/api/npm/npm-virtual/domutils/-/domutils-2.8.0.tgz#4437def5db6e2d1f5d6ee859bd95ca7d02048135"
  integrity sha1-RDfe9dtuLR9dbuhZvZXKfQIEgTU=
  dependencies:
    dom-serializer "^1.0.1"
    domelementtype "^2.2.0"
    domhandler "^4.2.0"

entities@^2.0.0:
  version "2.2.0"
  resolved "https://artifactory.tools.devrtb.com:443/artifactory/api/npm/npm-virtual/entities/-/entities-2.2.0.tgz#098dc90ebb83d8dffa089d55256b351d34c4da55"
  integrity sha1-CY3JDruD2N/6CJ1VJWs1HTTE2lU=

escape-string-regexp@^4.0.0:
  version "4.0.0"
  resolved "https://registry.yarnpkg.com/escape-string-regexp/-/escape-string-regexp-4.0.0.tgz#14ba83a5d373e3d311e5afca29cf5bfad965bf34"
  integrity sha512-TtpcNJ3XAzx3Gq8sWRzJaVajRs0uVxA2YAkdb1jm2YkPz4G6egUFAyA3n5vtEIZefPk5Wa4UXbKuS5fKkJWdgA==

htmlparser2@^6.0.0, htmlparser2@^6.1.0:
  version "6.1.0"
  resolved "https://artifactory.tools.devrtb.com:443/artifactory/api/npm/npm-virtual/htmlparser2/-/htmlparser2-6.1.0.tgz#c4d762b6c3371a05dbe65e94ae43a9f845fb8fb7"
  integrity sha1-xNditsM3GgXb5l6UrkOp+EX7j7c=
  dependencies:
    domelementtype "^2.0.1"
    domhandler "^4.0.0"
    domutils "^2.5.2"
    entities "^2.0.0"

ioredis@^4.19.4:
  version "4.28.5"
  resolved "https://artifactory.tools.devrtb.com:443/artifactory/api/npm/npm-virtual/ioredis/-/ioredis-4.28.5.tgz#5c149e6a8d76a7f8fa8a504ffc85b7d5b6797f9f"
  integrity sha1-XBSeao12p/j6ilBP/IW31bZ5f58=
  dependencies:
    cluster-key-slot "^1.1.0"
    debug "^4.3.1"
    denque "^1.1.0"
    lodash.defaults "^4.2.0"
    lodash.flatten "^4.4.0"
    lodash.isarguments "^3.1.0"
    p-map "^2.1.0"
    redis-commands "1.7.0"
    redis-errors "^1.2.0"
    redis-parser "^3.0.0"
    standard-as-callback "^2.1.0"

is-plain-object@^5.0.0:
  version "5.0.0"
  resolved "https://artifactory.tools.devrtb.com:443/artifactory/api/npm/npm-virtual/is-plain-object/-/is-plain-object-5.0.0.tgz#4427f50ab3429e9025ea7d52e9043a9ef4159344"
  integrity sha1-RCf1CrNCnpAl6n1S6QQ6nvQVk0Q=

"js-tokens@^3.0.0 || ^4.0.0":
  version "4.0.0"
  resolved "https://registry.yarnpkg.com/js-tokens/-/js-tokens-4.0.0.tgz#19203fb59991df98e3a287050d4647cdeaf32499"
  integrity sha512-RdJUflcE3cUzKiMqQgsCu06FPu9UdIJO0beYbPhHN4k6apgJtifcoCtT9bcxOpYBtpD2kCM6Sbzg4CausW/PKQ==

lodash.defaults@^4.2.0:
  version "4.2.0"
  resolved "https://artifactory.tools.devrtb.com:443/artifactory/api/npm/npm-virtual/lodash.defaults/-/lodash.defaults-4.2.0.tgz#d09178716ffea4dde9e5fb7b37f6f0802274580c"
  integrity sha1-0JF4cW/+pN3p5ft7N/bwgCJ0WAw=

lodash.flatten@^4.4.0:
  version "4.4.0"
  resolved "https://artifactory.tools.devrtb.com:443/artifactory/api/npm/npm-virtual/lodash.flatten/-/lodash.flatten-4.4.0.tgz#f31c22225a9632d2bbf8e4addbef240aa765a61f"
  integrity sha1-8xwiIlqWMtK7+OSt2+8kCqdlph8=

lodash.isarguments@^3.1.0:
  version "3.1.0"
  resolved "https://artifactory.tools.devrtb.com:443/artifactory/api/npm/npm-virtual/lodash.isarguments/-/lodash.isarguments-3.1.0.tgz#2f573d85c6a24289ff00663b491c1d338ff3458a"
  integrity sha1-L1c9hcaiQon/AGY7SRwdM4/zRYo=

loose-envify@^1.1.0:
  version "1.4.0"
  resolved "https://registry.yarnpkg.com/loose-envify/-/loose-envify-1.4.0.tgz#71ee51fa7be4caec1a63839f7e682d8132d30caf"
  integrity sha512-lyuxPGr/Wfhrlem2CL/UcnUc1zcqKAImBDzukY7Y5F/yQiNdko6+fRLevlw1HgMySw7f611UIY408EtxRSoK3Q==
  dependencies:
    js-tokens "^3.0.0 || ^4.0.0"

marked@^1.2.7:
  version "1.2.9"
  resolved "https://artifactory.tools.devrtb.com:443/artifactory/api/npm/npm-virtual/marked/-/marked-1.2.9.tgz#53786f8b05d4c01a2a5a76b7d1ec9943d29d72dc"
  integrity sha1-U3hviwXUwBoqWna30eyZQ9Kdctw=

ms@2.1.2:
  version "2.1.2"
  resolved "https://registry.yarnpkg.com/ms/-/ms-2.1.2.tgz#d09d1f357b443f493382a8eb3ccd183872ae6009"
  integrity sha512-sGkPx+VjMtmA6MX27oA4FBFELFCZZ4S4XqeGOXCv68tT+jb3vk/RyaKWP0PTKyWtmLSM0b+adUTEvbs1PEaH2w==

nanoid@^3.1.30, nanoid@^3.3.1:
  version "3.3.1"
  resolved "https://registry.yarnpkg.com/nanoid/-/nanoid-3.3.1.tgz#6347a18cac88af88f58af0b3594b723d5e99bb35"
  integrity sha512-n6Vs/3KGyxPQd6uO0eH4Bv0ojGSUvuLlIHtC3Y0kEO23YRge8H9x1GCzLn28YX0H66pMkxuaeESFq4tKISKwdw==

next@12.1.1-canary.8:
  version "12.1.1-canary.8"
  resolved "https://artifactory.tools.devrtb.com:443/artifactory/api/npm/npm-virtual/next/-/next-12.1.1-canary.8.tgz#498541a504050825875981d58f2757d5d1165942"
  integrity sha1-SYVBpQQFCCWHWYHVjydX1dEWWUI=
  dependencies:
    "@next/env" "12.1.1-canary.8"
    caniuse-lite "^1.0.30001283"
    postcss "8.4.5"
    styled-jsx "5.0.0"
    use-subscription "1.5.1"
  optionalDependencies:
    "@next/swc-android-arm-eabi" "12.1.1-canary.8"
    "@next/swc-android-arm64" "12.1.1-canary.8"
    "@next/swc-darwin-arm64" "12.1.1-canary.8"
    "@next/swc-darwin-x64" "12.1.1-canary.8"
    "@next/swc-linux-arm-gnueabihf" "12.1.1-canary.8"
    "@next/swc-linux-arm64-gnu" "12.1.1-canary.8"
    "@next/swc-linux-arm64-musl" "12.1.1-canary.8"
    "@next/swc-linux-x64-gnu" "12.1.1-canary.8"
    "@next/swc-linux-x64-musl" "12.1.1-canary.8"
    "@next/swc-win32-arm64-msvc" "12.1.1-canary.8"
    "@next/swc-win32-ia32-msvc" "12.1.1-canary.8"
    "@next/swc-win32-x64-msvc" "12.1.1-canary.8"

nth-check@^2.0.1:
  version "2.0.1"
  resolved "https://artifactory.tools.devrtb.com:443/artifactory/api/npm/npm-virtual/nth-check/-/nth-check-2.0.1.tgz#2efe162f5c3da06a28959fbd3db75dbeea9f0fc2"
  integrity sha1-Lv4WL1w9oGoolZ+9PbddvuqfD8I=
  dependencies:
    boolbase "^1.0.0"

oauth@^0.9.15:
  version "0.9.15"
  resolved "https://artifactory.tools.devrtb.com:443/artifactory/api/npm/npm-virtual/oauth/-/oauth-0.9.15.tgz#bd1fefaf686c96b75475aed5196412ff60cfb9c1"
  integrity sha1-vR/vr2hslrdUda7VGWQS/2DPucE=

object-assign@^4.1.1:
  version "4.1.1"
  resolved "https://registry.yarnpkg.com/object-assign/-/object-assign-4.1.1.tgz#2109adc7965887cfc05cbbd442cac8bfbb360863"
  integrity sha1-IQmtx5ZYh8/AXLvUQsrIv7s2CGM=

p-map@^2.1.0:
  version "2.1.0"
  resolved "https://artifactory.tools.devrtb.com:443/artifactory/api/npm/npm-virtual/p-map/-/p-map-2.1.0.tgz#310928feef9c9ecc65b68b17693018a665cea175"
  integrity sha1-MQko/u+cnsxltosXaTAYpmXOoXU=

parse-srcset@^1.0.2:
  version "1.0.2"
  resolved "https://artifactory.tools.devrtb.com:443/artifactory/api/npm/npm-virtual/parse-srcset/-/parse-srcset-1.0.2.tgz#f2bd221f6cc970a938d88556abc589caaaa2bde1"
  integrity sha1-8r0iH2zJcKk42IVWq8WJyqqiveE=

parse5-htmlparser2-tree-adapter@^6.0.1:
  version "6.0.1"
  resolved "https://artifactory.tools.devrtb.com:443/artifactory/api/npm/npm-virtual/parse5-htmlparser2-tree-adapter/-/parse5-htmlparser2-tree-adapter-6.0.1.tgz#2cdf9ad823321140370d4dbf5d3e92c7c8ddc6e6"
  integrity sha1-LN+a2CMyEUA3DU2/XT6Sx8jdxuY=
  dependencies:
    parse5 "^6.0.1"

parse5@^6.0.1:
  version "6.0.1"
  resolved "https://artifactory.tools.devrtb.com:443/artifactory/api/npm/npm-virtual/parse5/-/parse5-6.0.1.tgz#e1a1c085c569b3dc08321184f19a39cc27f7c30b"
  integrity sha1-4aHAhcVps9wIMhGE8Zo5zCf3wws=

picocolors@^1.0.0:
  version "1.0.0"
  resolved "https://registry.yarnpkg.com/picocolors/-/picocolors-1.0.0.tgz#cb5bdc74ff3f51892236eaf79d68bc44564ab81c"
  integrity sha512-1fygroTLlHu66zi26VoTDv8yRgm0Fccecssto+MhsZ0D/DGW2sm8E8AjW7NU5VVTRt5GxbeZ5qBuJr+HyLYkjQ==

postcss@8.4.5:
  version "8.4.5"
  resolved "https://registry.yarnpkg.com/postcss/-/postcss-8.4.5.tgz#bae665764dfd4c6fcc24dc0fdf7e7aa00cc77f95"
  integrity sha512-jBDboWM8qpaqwkMwItqTQTiFikhs/67OYVvblFFTM7MrZjt6yMKd6r2kgXizEbTTljacm4NldIlZnhbjr84QYg==
  dependencies:
    nanoid "^3.1.30"
    picocolors "^1.0.0"
    source-map-js "^1.0.1"

postcss@^8.3.11:
  version "8.4.11"
  resolved "https://artifactory.tools.devrtb.com:443/artifactory/api/npm/npm-virtual/postcss/-/postcss-8.4.11.tgz#a06229f23820b4ddd46500a3e38dbca1598a8e8d"
  integrity sha1-oGIp8jggtN3UZQCj4428oVmKjo0=
  dependencies:
    nanoid "^3.3.1"
    picocolors "^1.0.0"
    source-map-js "^1.0.2"

prettier@2.2.1:
  version "2.2.1"
  resolved "https://artifactory.tools.devrtb.com:443/artifactory/api/npm/npm-virtual/prettier/-/prettier-2.2.1.tgz#795a1a78dd52f073da0cd42b21f9c91381923ff5"
  integrity sha1-eVoaeN1S8HPaDNQrIfnJE4GSP/U=

react-dom@18.0.0-rc.1:
  version "18.0.0-rc.1"
  resolved "https://artifactory.tools.devrtb.com:443/artifactory/api/npm/npm-virtual/react-dom/-/react-dom-18.0.0-rc.1.tgz#97296d5a5e7582e65ea0d82a9ccd5953aa05e7f6"
  integrity sha1-lyltWl51guZeoNgqnM1ZU6oF5/Y=
  dependencies:
    loose-envify "^1.1.0"
    scheduler "^0.21.0-rc.1"

react@18.0.0-rc.1:
  version "18.0.0-rc.1"
  resolved "https://artifactory.tools.devrtb.com:443/artifactory/api/npm/npm-virtual/react/-/react-18.0.0-rc.1.tgz#fbaef1cbf8b1eddb36a869ee1ea723044aa670c2"
  integrity sha1-+67xy/ix7ds2qGnuHqcjBEqmcMI=
  dependencies:
    loose-envify "^1.1.0"

redis-commands@1.7.0:
  version "1.7.0"
  resolved "https://artifactory.tools.devrtb.com:443/artifactory/api/npm/npm-virtual/redis-commands/-/redis-commands-1.7.0.tgz#15a6fea2d58281e27b1cd1acfb4b293e278c3a89"
  integrity sha1-Fab+otWCgeJ7HNGs+0spPieMOok=

redis-errors@^1.0.0, redis-errors@^1.2.0:
  version "1.2.0"
  resolved "https://artifactory.tools.devrtb.com:443/artifactory/api/npm/npm-virtual/redis-errors/-/redis-errors-1.2.0.tgz#eb62d2adb15e4eaf4610c04afe1529384250abad"
  integrity sha1-62LSrbFeTq9GEMBK/hUpOEJQq60=

redis-parser@^3.0.0:
  version "3.0.0"
  resolved "https://artifactory.tools.devrtb.com:443/artifactory/api/npm/npm-virtual/redis-parser/-/redis-parser-3.0.0.tgz#b66d828cdcafe6b4b8a428a7def4c6bcac31c8b4"
  integrity sha1-tm2CjNyv5rS4pCin3vTGvKwxyLQ=
  dependencies:
    redis-errors "^1.0.0"

sanitize-html@^2.3.0:
  version "2.7.0"
  resolved "https://artifactory.tools.devrtb.com:443/artifactory/api/npm/npm-virtual/sanitize-html/-/sanitize-html-2.7.0.tgz#e106205b468aca932e2f9baf241f24660d34e279"
  integrity sha1-4QYgW0aKypMuL5uvJB8kZg004nk=
  dependencies:
    deepmerge "^4.2.2"
    escape-string-regexp "^4.0.0"
    htmlparser2 "^6.0.0"
    is-plain-object "^5.0.0"
    parse-srcset "^1.0.2"
    postcss "^8.3.11"

scheduler@^0.21.0-rc.1:
  version "0.21.0-rc.2-next-b9de50d2f-20220308"
  resolved "https://artifactory.tools.devrtb.com:443/artifactory/api/npm/npm-virtual/scheduler/-/scheduler-0.21.0-rc.2-next-b9de50d2f-20220308.tgz#f3e89d3670b99adf1e1091644793bd73db03cbb0"
  integrity sha1-8+idNnC5mt8eEJFkR5O9c9sDy7A=
  dependencies:
    loose-envify "^1.1.0"

source-map-js@^1.0.1, source-map-js@^1.0.2:
  version "1.0.2"
  resolved "https://registry.yarnpkg.com/source-map-js/-/source-map-js-1.0.2.tgz#adbc361d9c62df380125e7f161f71c826f1e490c"
  integrity sha512-R0XvVJ9WusLiqTCEiGCmICCMplcCkIwwR11mOSD9CR5u+IXYdiseeEuXCVAjS54zqwkLcPNnmU4OeJ6tUrWhDw==

standard-as-callback@^2.1.0:
  version "2.1.0"
  resolved "https://artifactory.tools.devrtb.com:443/artifactory/api/npm/npm-virtual/standard-as-callback/-/standard-as-callback-2.1.0.tgz#8953fc05359868a77b5b9739a665c5977bb7df45"
  integrity sha1-iVP8BTWYaKd7W5c5pmXFl3u330U=

styled-jsx@5.0.0:
  version "5.0.0"
  resolved "https://registry.yarnpkg.com/styled-jsx/-/styled-jsx-5.0.0.tgz#816b4b92e07b1786c6b7111821750e0ba4d26e77"
  integrity sha512-qUqsWoBquEdERe10EW8vLp3jT25s/ssG1/qX5gZ4wu15OZpmSMFI2v+fWlRhLfykA5rFtlJ1ME8A8pm/peV4WA==

tslib@^2.2.0:
  version "2.3.1"
  resolved "https://artifactory.tools.devrtb.com:443/artifactory/api/npm/npm-virtual/tslib/-/tslib-2.3.1.tgz#e8a335add5ceae51aa261d32a490158ef042ef01"
  integrity sha1-6KM1rdXOrlGqJh0ypJAVjvBC7wE=

use-subscription@1.5.1:
  version "1.5.1"
  resolved "https://registry.yarnpkg.com/use-subscription/-/use-subscription-1.5.1.tgz#73501107f02fad84c6dd57965beb0b75c68c42d1"
  integrity sha512-Xv2a1P/yReAjAbhylMfFplFKj9GssgTwN7RlcTxBujFQcloStWNDQdc4g4NRWH9xS4i/FDk04vQBptAXoF3VcA==
  dependencies:
    object-assign "^4.1.1"
